
Microsoft Visual Studio Solution File, Format Version 12.00
# Visual Studio Version 16
VisualStudioVersion = 16.0.30907.101
MinimumVisualStudioVersion = 10.0.40219.1
Project("{FAE04EC0-301F-11D3-BF4B-00C04F79EFBC}") = "Multiple Classes", "Multiple Classes\Multiple Classes.csproj", "{60735F06-302C-462D-9695-676113A7D39A}"
EndProject
Global
	GlobalSection(SolutionConfigurationPlatforms) = preSolution
		Debug|Any CPU = Debug|Any CPU
		Release|Any CPU = Release|Any CPU
	EndGlobalSection
	GlobalSection(ProjectConfigurationPlatforms) = postSolution
		{60735F06-302C-462D-9695-676113A7D39A}.Debug|Any CPU.ActiveCfg = Debug|Any CPU
		{60735F06-302C-462D-9695-676113A7D39A}.Debug|Any CPU.Build.0 = Debug|Any CPU
		{60735F06-302C-462D-9695-676113A7D39A}.Release|Any CPU.ActiveCfg = Release|Any CPU
		{60735F06-302C-462D-9695-676113A7D39A}.Release|Any CPU.Build.0 = Release|Any CPU
	EndGlobalSection
	GlobalSection(SolutionProperties) = preSolution
		HideSolutionNode = FALSE
	EndGlobalSection
	GlobalSection(ExtensibilityGlobals) = postSolution
		SolutionGuid = {C41C624A-03BF-4716-9FAE-3583593CE81A}
	EndGlobalSection
EndGlobal
